<?xml version="1.0" encoding="utf-8"?>
<Project ToolsVersion="17.0" xmlns="http://schemas.microsoft.com/developer/msbuild/2003">
  <ItemGroup>
    <CustomBuild Include="C:\Users\Public\.vscode\CMakeFiles\930325431233423b90ec37812a9cc8d0\dep-spdlog-mkdir.rule">
      <Filter>CMake Rules</Filter>
    </CustomBuild>
    <CustomBuild Include="C:\Users\Public\.vscode\CMakeFiles\930325431233423b90ec37812a9cc8d0\dep-spdlog-download.rule">
      <Filter>CMake Rules</Filter>
    </CustomBuild>
    <CustomBuild Include="C:\Users\Public\.vscode\CMakeFiles\930325431233423b90ec37812a9cc8d0\dep-spdlog-update.rule">
      <Filter>CMake Rules</Filter>
    </CustomBuild>
    <CustomBuild Include="C:\Users\Public\.vscode\CMakeFiles\930325431233423b90ec37812a9cc8d0\dep-spdlog-patch.rule">
      <Filter>CMake Rules</Filter>
    </CustomBuild>
    <CustomBuild Include="C:\Users\Public\.vscode\CMakeFiles\930325431233423b90ec37812a9cc8d0\dep-spdlog-configure.rule">
      <Filter>CMake Rules</Filter>
    </CustomBuild>
    <CustomBuild Include="C:\Users\Public\.vscode\CMakeFiles\930325431233423b90ec37812a9cc8d0\dep-spdlog-build.rule">
      <Filter>CMake Rules</Filter>
    </CustomBuild>
    <CustomBuild Include="C:\Users\Public\.vscode\CMakeFiles\930325431233423b90ec37812a9cc8d0\dep-spdlog-install.rule">
      <Filter>CMake Rules</Filter>
    </CustomBuild>
    <CustomBuild Include="C:\Users\Public\.vscode\CMakeFiles\930325431233423b90ec37812a9cc8d0\dep-spdlog-test.rule">
      <Filter>CMake Rules</Filter>
    </CustomBuild>
    <CustomBuild Include="C:\Users\Public\.vscode\CMakeFiles\8a616607da500b913d28aa4299e87247\dep-spdlog-complete.rule">
      <Filter>CMake Rules</Filter>
    </CustomBuild>
    <CustomBuild Include="C:\Users\Public\.vscode\CMakeFiles\ad1d09c1e77af057e64edd2e56f8362f\dep-spdlog.rule">
      <Filter>CMake Rules</Filter>
    </CustomBuild>
    <CustomBuild Include="C:\Users\Public\.vscode\CMakeLists.txt" />
  </ItemGroup>
  <ItemGroup>
    <None Include="C:\Users\Public\.vscode\CMakeFiles\dep-spdlog" />
  </ItemGroup>
  <ItemGroup>
    <Filter Include="CMake Rules">
      <UniqueIdentifier>{809B6C89-6E46-30D1-8C77-9B8585A43CA3}</UniqueIdentifier>
    </Filter>
  </ItemGroup>
</Project>
